
Microsoft Visual Studio Solution File, Format Version 12.00
# Visual Studio Version 17
VisualStudioVersion = 17.0.31903.59
MinimumVisualStudioVersion = 10.0.40219.1
Project("{9A19103F-16F7-4668-BE54-9A1E7A4F7556}") = "Cash.Api", "..\..\Identity\Kesh\Cash\Cash.Api.csproj", "{6FAF30D2-A98F-44A0-A877-CEFF46A0816F}"
EndProject
Project("{9A19103F-16F7-4668-BE54-9A1E7A4F7556}") = "Cash.Application", "..\..\Identity\Kesh\Cash.Application\Cash.Application.csproj", "{2547C67B-D3AB-465D-BA78-D436D780FC23}"
EndProject
Project("{9A19103F-16F7-4668-BE54-9A1E7A4F7556}") = "Cash.Domain", "..\..\Identity\Kesh\Cash.Domain\Cash.Domain.csproj", "{1FC43086-6EB1-4F57-860D-D3AC806C8E5D}"
EndProject
Project("{9A19103F-16F7-4668-BE54-9A1E7A4F7556}") = "Cash.Infrostructure", "..\..\Identity\Kesh\Cash.Infrostructure\Cash.Infrostructure.csproj", "{FE80863F-1498-4AE5-ADF9-D491C03C6919}"
EndProject
Project("{9A19103F-16F7-4668-BE54-9A1E7A4F7556}") = "Cash.Persistance", "..\..\Identity\Kesh\Cash.Persistance\Cash.Persistance.csproj", "{2DEFAB2C-CE2E-41EA-853E-030D8756D07D}"
EndProject
Global
	GlobalSection(SolutionConfigurationPlatforms) = preSolution
		Debug|Any CPU = Debug|Any CPU
		Release|Any CPU = Release|Any CPU
	EndGlobalSection
	GlobalSection(ProjectConfigurationPlatforms) = postSolution
		{6FAF30D2-A98F-44A0-A877-CEFF46A0816F}.Debug|Any CPU.ActiveCfg = Debug|Any CPU
		{6FAF30D2-A98F-44A0-A877-CEFF46A0816F}.Debug|Any CPU.Build.0 = Debug|Any CPU
		{6FAF30D2-A98F-44A0-A877-CEFF46A0816F}.Release|Any CPU.ActiveCfg = Release|Any CPU
		{6FAF30D2-A98F-44A0-A877-CEFF46A0816F}.Release|Any CPU.Build.0 = Release|Any CPU
		{2547C67B-D3AB-465D-BA78-D436D780FC23}.Debug|Any CPU.ActiveCfg = Debug|Any CPU
		{2547C67B-D3AB-465D-BA78-D436D780FC23}.Debug|Any CPU.Build.0 = Debug|Any CPU
		{2547C67B-D3AB-465D-BA78-D436D780FC23}.Release|Any CPU.ActiveCfg = Release|Any CPU
		{2547C67B-D3AB-465D-BA78-D436D780FC23}.Release|Any CPU.Build.0 = Release|Any CPU
		{1FC43086-6EB1-4F57-860D-D3AC806C8E5D}.Debug|Any CPU.ActiveCfg = Debug|Any CPU
		{1FC43086-6EB1-4F57-860D-D3AC806C8E5D}.Debug|Any CPU.Build.0 = Debug|Any CPU
		{1FC43086-6EB1-4F57-860D-D3AC806C8E5D}.Release|Any CPU.ActiveCfg = Release|Any CPU
		{1FC43086-6EB1-4F57-860D-D3AC806C8E5D}.Release|Any CPU.Build.0 = Release|Any CPU
		{FE80863F-1498-4AE5-ADF9-D491C03C6919}.Debug|Any CPU.ActiveCfg = Debug|Any CPU
		{FE80863F-1498-4AE5-ADF9-D491C03C6919}.Debug|Any CPU.Build.0 = Debug|Any CPU
		{FE80863F-1498-4AE5-ADF9-D491C03C6919}.Release|Any CPU.ActiveCfg = Release|Any CPU
		{FE80863F-1498-4AE5-ADF9-D491C03C6919}.Release|Any CPU.Build.0 = Release|Any CPU
		{2DEFAB2C-CE2E-41EA-853E-030D8756D07D}.Debug|Any CPU.ActiveCfg = Debug|Any CPU
		{2DEFAB2C-CE2E-41EA-853E-030D8756D07D}.Debug|Any CPU.Build.0 = Debug|Any CPU
		{2DEFAB2C-CE2E-41EA-853E-030D8756D07D}.Release|Any CPU.ActiveCfg = Release|Any CPU
		{2DEFAB2C-CE2E-41EA-853E-030D8756D07D}.Release|Any CPU.Build.0 = Release|Any CPU
	EndGlobalSection
	GlobalSection(SolutionProperties) = preSolution
		HideSolutionNode = FALSE
	EndGlobalSection
EndGlobal
